
Microsoft Visual Studio Solution File, Format Version 12.00
# Visual Studio Version 17
VisualStudioVersion = 17.7.34024.191
MinimumVisualStudioVersion = 10.0.40219.1
Project("{8BC9CEB8-8B4A-11D0-8D11-00A0C91BC942}") = "Hammurabi", "Hammurabi\Hammurabi.vcxproj", "{0A74AA96-7B8F-4027-82AB-DCD1FF27673A}"
EndProject
Project("{8BC9CEB8-8B4A-11D0-8D11-00A0C91BC942}") = "CustomArray", "CustomArray\CustomArray.vcxproj", "{F547C564-2CD8-45B8-B104-297B39716291}"
EndProject
Project("{8BC9CEB8-8B4A-11D0-8D11-00A0C91BC942}") = "CustomArrayTests", "CustomArrayTests\CustomArrayTests.vcxproj", "{F656CA94-AC10-4263-947D-3121F29FBA06}"
EndProject
Project("{8BC9CEB8-8B4A-11D0-8D11-00A0C91BC942}") = "QuickSort", "QuickSort\QuickSort.vcxproj", "{7B73CAC7-5EE5-4D56-941C-4EB424D7452A}"
EndProject
Project("{8BC9CEB8-8B4A-11D0-8D11-00A0C91BC942}") = "QuickSortTest", "QuickSortTest\QuickSortTest.vcxproj", "{D8F6CCC2-8116-4363-8F1A-E02509DA01A6}"
EndProject
Global
	GlobalSection(SolutionConfigurationPlatforms) = preSolution
		Debug|x64 = Debug|x64
		Debug|x86 = Debug|x86
		Release|x64 = Release|x64
		Release|x86 = Release|x86
	EndGlobalSection
	GlobalSection(ProjectConfigurationPlatforms) = postSolution
		{0A74AA96-7B8F-4027-82AB-DCD1FF27673A}.Debug|x64.ActiveCfg = Debug|x64
		{0A74AA96-7B8F-4027-82AB-DCD1FF27673A}.Debug|x64.Build.0 = Debug|x64
		{0A74AA96-7B8F-4027-82AB-DCD1FF27673A}.Debug|x86.ActiveCfg = Debug|Win32
		{0A74AA96-7B8F-4027-82AB-DCD1FF27673A}.Debug|x86.Build.0 = Debug|Win32
		{0A74AA96-7B8F-4027-82AB-DCD1FF27673A}.Release|x64.ActiveCfg = Release|x64
		{0A74AA96-7B8F-4027-82AB-DCD1FF27673A}.Release|x64.Build.0 = Release|x64
		{0A74AA96-7B8F-4027-82AB-DCD1FF27673A}.Release|x86.ActiveCfg = Release|Win32
		{0A74AA96-7B8F-4027-82AB-DCD1FF27673A}.Release|x86.Build.0 = Release|Win32
		{F547C564-2CD8-45B8-B104-297B39716291}.Debug|x64.ActiveCfg = Debug|x64
		{F547C564-2CD8-45B8-B104-297B39716291}.Debug|x64.Build.0 = Debug|x64
		{F547C564-2CD8-45B8-B104-297B39716291}.Debug|x86.ActiveCfg = Debug|Win32
		{F547C564-2CD8-45B8-B104-297B39716291}.Debug|x86.Build.0 = Debug|Win32
		{F547C564-2CD8-45B8-B104-297B39716291}.Release|x64.ActiveCfg = Release|x64
		{F547C564-2CD8-45B8-B104-297B39716291}.Release|x64.Build.0 = Release|x64
		{F547C564-2CD8-45B8-B104-297B39716291}.Release|x86.ActiveCfg = Release|Win32
		{F547C564-2CD8-45B8-B104-297B39716291}.Release|x86.Build.0 = Release|Win32
		{F656CA94-AC10-4263-947D-3121F29FBA06}.Debug|x64.ActiveCfg = Debug|x64
		{F656CA94-AC10-4263-947D-3121F29FBA06}.Debug|x64.Build.0 = Debug|x64
		{F656CA94-AC10-4263-947D-3121F29FBA06}.Debug|x86.ActiveCfg = Debug|Win32
		{F656CA94-AC10-4263-947D-3121F29FBA06}.Debug|x86.Build.0 = Debug|Win32
		{F656CA94-AC10-4263-947D-3121F29FBA06}.Release|x64.ActiveCfg = Release|x64
		{F656CA94-AC10-4263-947D-3121F29FBA06}.Release|x64.Build.0 = Release|x64
		{F656CA94-AC10-4263-947D-3121F29FBA06}.Release|x86.ActiveCfg = Release|Win32
		{F656CA94-AC10-4263-947D-3121F29FBA06}.Release|x86.Build.0 = Release|Win32
		{7B73CAC7-5EE5-4D56-941C-4EB424D7452A}.Debug|x64.ActiveCfg = Debug|x64
		{7B73CAC7-5EE5-4D56-941C-4EB424D7452A}.Debug|x64.Build.0 = Debug|x64
		{7B73CAC7-5EE5-4D56-941C-4EB424D7452A}.Debug|x86.ActiveCfg = Debug|Win32
		{7B73CAC7-5EE5-4D56-941C-4EB424D7452A}.Debug|x86.Build.0 = Debug|Win32
		{7B73CAC7-5EE5-4D56-941C-4EB424D7452A}.Release|x64.ActiveCfg = Release|x64
		{7B73CAC7-5EE5-4D56-941C-4EB424D7452A}.Release|x64.Build.0 = Release|x64
		{7B73CAC7-5EE5-4D56-941C-4EB424D7452A}.Release|x86.ActiveCfg = Release|Win32
		{7B73CAC7-5EE5-4D56-941C-4EB424D7452A}.Release|x86.Build.0 = Release|Win32
		{D8F6CCC2-8116-4363-8F1A-E02509DA01A6}.Debug|x64.ActiveCfg = Debug|x64
		{D8F6CCC2-8116-4363-8F1A-E02509DA01A6}.Debug|x64.Build.0 = Debug|x64
		{D8F6CCC2-8116-4363-8F1A-E02509DA01A6}.Debug|x86.ActiveCfg = Debug|Win32
		{D8F6CCC2-8116-4363-8F1A-E02509DA01A6}.Debug|x86.Build.0 = Debug|Win32
		{D8F6CCC2-8116-4363-8F1A-E02509DA01A6}.Release|x64.ActiveCfg = Release|x64
		{D8F6CCC2-8116-4363-8F1A-E02509DA01A6}.Release|x64.Build.0 = Release|x64
		{D8F6CCC2-8116-4363-8F1A-E02509DA01A6}.Release|x86.ActiveCfg = Release|Win32
		{D8F6CCC2-8116-4363-8F1A-E02509DA01A6}.Release|x86.Build.0 = Release|Win32
	EndGlobalSection
	GlobalSection(SolutionProperties) = preSolution
		HideSolutionNode = FALSE
	EndGlobalSection
	GlobalSection(ExtensibilityGlobals) = postSolution
		SolutionGuid = {4F51B7C8-ACB1-4E2A-A8A2-5019B65D241F}
	EndGlobalSection
EndGlobal
